
Microsoft Visual Studio Solution File, Format Version 12.00
# Visual Studio 15
VisualStudioVersion = 15.0.26430.15
MinimumVisualStudioVersion = 10.0.40219.1
Project("{FAE04EC0-301F-11D3-BF4B-00C04F79EFBC}") = "Client", "Client\Client.csproj", "{F9A1593B-0925-4989-92AE-7B2CA7D3EF1D}"
EndProject
Global
	GlobalSection(SolutionConfigurationPlatforms) = preSolution
		Debug|Any CPU = Debug|Any CPU
		Release|Any CPU = Release|Any CPU
	EndGlobalSection
	GlobalSection(ProjectConfigurationPlatforms) = postSolution
		{F9A1593B-0925-4989-92AE-7B2CA7D3EF1D}.Debug|Any CPU.ActiveCfg = Debug|Any CPU
		{F9A1593B-0925-4989-92AE-7B2CA7D3EF1D}.Debug|Any CPU.Build.0 = Debug|Any CPU
		{F9A1593B-0925-4989-92AE-7B2CA7D3EF1D}.Release|Any CPU.ActiveCfg = Release|Any CPU
		{F9A1593B-0925-4989-92AE-7B2CA7D3EF1D}.Release|Any CPU.Build.0 = Release|Any CPU
	EndGlobalSection
	GlobalSection(SolutionProperties) = preSolution
		HideSolutionNode = FALSE
	EndGlobalSection
EndGlobal
